// !$*UTF8*$!
{
	archiveVersion = 1;
	classes = {
	};
	objectVersion = 46;
	objects = {

/* Begin PBXBuildFile section */
		651B9F071F48945600FF2637 /* AppDelegate.swift in Sources */ = {isa = PBXBuildFile; fileRef = 651B9F061F48945600FF2637 /* AppDelegate.swift */; };
		651B9F091F48945600FF2637 /* ViewController.swift in Sources */ = {isa = PBXBuildFile; fileRef = 651B9F081F48945600FF2637 /* ViewController.swift */; };
		651B9F0B1F48945600FF2637 /* Assets.xcassets in Resources */ = {isa = PBXBuildFile; fileRef = 651B9F0A1F48945600FF2637 /* Assets.xcassets */; };
		651B9F0E1F48945600FF2637 /* Main.storyboard in Resources */ = {isa = PBXBuildFile; fileRef = 651B9F0C1F48945600FF2637 /* Main.storyboard */; };
		651B9F171F4898AD00FF2637 /* RegexHelper.swift in Sources */ = {isa = PBXBuildFile; fileRef = 651B9F161F4898AD00FF2637 /* RegexHelper.swift */; };
		651B9F191F489B1000FF2637 /* LogTableView.swift in Sources */ = {isa = PBXBuildFile; fileRef = 651B9F181F489B1000FF2637 /* LogTableView.swift */; };
		651B9F1C1F493F1F00FF2637 /* LogTimeTableCellView.swift in Sources */ = {isa = PBXBuildFile; fileRef = 651B9F1B1F493F1F00FF2637 /* LogTimeTableCellView.swift */; };
		651B9F1E1F493F2E00FF2637 /* LogContentTableCellView.swift in Sources */ = {isa = PBXBuildFile; fileRef = 651B9F1D1F493F2E00FF2637 /* LogContentTableCellView.swift */; };
		651B9F211F49508300FF2637 /* LogData.swift in Sources */ = {isa = PBXBuildFile; fileRef = 651B9F201F49508300FF2637 /* LogData.swift */; };
		651B9F231F496EAC00FF2637 /* MainWindow.swift in Sources */ = {isa = PBXBuildFile; fileRef = 651B9F221F496EAC00FF2637 /* MainWindow.swift */; };
		651B9F251F49723800FF2637 /* LogPreviewViewController.swift in Sources */ = {isa = PBXBuildFile; fileRef = 651B9F241F49723800FF2637 /* LogPreviewViewController.swift */; };
		651B9F271F49854900FF2637 /* README.md in Sources */ = {isa = PBXBuildFile; fileRef = 651B9F261F49854900FF2637 /* README.md */; };
		651B9F291F49888300FF2637 /* LICENSE in Resources */ = {isa = PBXBuildFile; fileRef = 651B9F281F49888300FF2637 /* LICENSE */; };
		F6C2E77D405766F2A4B3F80D /* Pods_SerialPortCat.framework in Frameworks */ = {isa = PBXBuildFile; fileRef = 0C39E63A4199D8239106C429 /* Pods_SerialPortCat.framework */; };
/* End PBXBuildFile section */

/* Begin PBXFileReference section */
		0C39E63A4199D8239106C429 /* Pods_SerialPortCat.framework */ = {isa = PBXFileReference; explicitFileType = wrapper.framework; includeInIndex = 0; path = Pods_SerialPortCat.framework; sourceTree = BUILT_PRODUCTS_DIR; };
		637E7D5ACBCFB7DFFB54A347 /* Pods-SerialPortCat.release.xcconfig */ = {isa = PBXFileReference; includeInIndex = 1; lastKnownFileType = text.xcconfig; name = "Pods-SerialPortCat.release.xcconfig"; path = "Pods/Target Support Files/Pods-SerialPortCat/Pods-SerialPortCat.release.xcconfig"; sourceTree = "<group>"; };
		651B9F031F48945600FF2637 /* SerialPortCat.app */ = {isa = PBXFileReference; explicitFileType = wrapper.application; includeInIndex = 0; path = SerialPortCat.app; sourceTree = BUILT_PRODUCTS_DIR; };
		651B9F061F48945600FF2637 /* AppDelegate.swift */ = {isa = PBXFileReference; lastKnownFileType = sourcecode.swift; path = AppDelegate.swift; sourceTree = "<group>"; };
		651B9F081F48945600FF2637 /* ViewController.swift */ = {isa = PBXFileReference; lastKnownFileType = sourcecode.swift; path = ViewController.swift; sourceTree = "<group>"; };
		651B9F0A1F48945600FF2637 /* Assets.xcassets */ = {isa = PBXFileReference; lastKnownFileType = folder.assetcatalog; path = Assets.xcassets; sourceTree = "<group>"; };
		651B9F0D1F48945600FF2637 /* Base */ = {isa = PBXFileReference; lastKnownFileType = file.storyboard; name = Base; path = Base.lproj/Main.storyboard; sourceTree = "<group>"; };
		651B9F0F1F48945600FF2637 /* Info.plist */ = {isa = PBXFileReference; lastKnownFileType = text.plist.xml; path = Info.plist; sourceTree = "<group>"; };
		651B9F161F4898AD00FF2637 /* RegexHelper.swift */ = {isa = PBXFileReference; fileEncoding = 4; lastKnownFileType = sourcecode.swift; path = RegexHelper.swift; sourceTree = "<group>"; };
		651B9F181F489B1000FF2637 /* LogTableView.swift */ = {isa = PBXFileReference; fileEncoding = 4; lastKnownFileType = sourcecode.swift; path = LogTableView.swift; sourceTree = "<group>"; };
		651B9F1B1F493F1F00FF2637 /* LogTimeTableCellView.swift */ = {isa = PBXFileReference; fileEncoding = 4; lastKnownFileType = sourcecode.swift; path = LogTimeTableCellView.swift; sourceTree = "<group>"; };
		651B9F1D1F493F2E00FF2637 /* LogContentTableCellView.swift */ = {isa = PBXFileReference; fileEncoding = 4; lastKnownFileType = sourcecode.swift; path = LogContentTableCellView.swift; sourceTree = "<group>"; };
		651B9F201F49508300FF2637 /* LogData.swift */ = {isa = PBXFileReference; fileEncoding = 4; lastKnownFileType = sourcecode.swift; path = LogData.swift; sourceTree = "<group>"; };
		651B9F221F496EAC00FF2637 /* MainWindow.swift */ = {isa = PBXFileReference; fileEncoding = 4; lastKnownFileType = sourcecode.swift; path = MainWindow.swift; sourceTree = "<group>"; };
		651B9F241F49723800FF2637 /* LogPreviewViewController.swift */ = {isa = PBXFileReference; fileEncoding = 4; lastKnownFileType = sourcecode.swift; path = LogPreviewViewController.swift; sourceTree = "<group>"; };
		651B9F261F49854900FF2637 /* README.md */ = {isa = PBXFileReference; fileEncoding = 4; lastKnownFileType = net.daringfireball.markdown; path = README.md; sourceTree = "<group>"; };
		651B9F281F49888300FF2637 /* LICENSE */ = {isa = PBXFileReference; fileEncoding = 4; lastKnownFileType = text; path = LICENSE; sourceTree = "<group>"; };
		7A3921872B04D128FF12A831 /* Pods-SerialPortCat.debug.xcconfig */ = {isa = PBXFileReference; includeInIndex = 1; lastKnownFileType = text.xcconfig; name = "Pods-SerialPortCat.debug.xcconfig"; path = "Pods/Target Support Files/Pods-SerialPortCat/Pods-SerialPortCat.debug.xcconfig"; sourceTree = "<group>"; };
/* End PBXFileReference section */

/* Begin PBXFrameworksBuildPhase section */
		651B9F001F48945600FF2637 /* Frameworks */ = {
			isa = PBXFrameworksBuildPhase;
			buildActionMask = 2147483647;
			files = (
				F6C2E77D405766F2A4B3F80D /* Pods_SerialPortCat.framework in Frameworks */,
			);
			runOnlyForDeploymentPostprocessing = 0;
		};
/* End PBXFrameworksBuildPhase section */

/* Begin PBXGroup section */
		651B9EFA1F48945600FF2637 = {
			isa = PBXGroup;
			children = (
				651B9F281F49888300FF2637 /* LICENSE */,
				651B9F261F49854900FF2637 /* README.md */,
				651B9F051F48945600FF2637 /* SerialPortCat */,
				651B9F041F48945600FF2637 /* Products */,
				EC6754DDE5C4C4B5077537C4 /* Pods */,
				D23A4BC3A311B652F47D965F /* Frameworks */,
			);
			sourceTree = "<group>";
		};
		651B9F041F48945600FF2637 /* Products */ = {
			isa = PBXGroup;
			children = (
				651B9F031F48945600FF2637 /* SerialPortCat.app */,
			);
			name = Products;
			sourceTree = "<group>";
		};
		651B9F051F48945600FF2637 /* SerialPortCat */ = {
			isa = PBXGroup;
			children = (
				651B9F1F1F49507000FF2637 /* Model */,
				651B9F1A1F493ED300FF2637 /* View */,
				651B9F151F48989600FF2637 /* Helper */,
				651B9F061F48945600FF2637 /* AppDelegate.swift */,
				651B9F081F48945600FF2637 /* ViewController.swift */,
				651B9F0A1F48945600FF2637 /* Assets.xcassets */,
				651B9F0C1F48945600FF2637 /* Main.storyboard */,
				651B9F0F1F48945600FF2637 /* Info.plist */,
				651B9F181F489B1000FF2637 /* LogTableView.swift */,
				651B9F221F496EAC00FF2637 /* MainWindow.swift */,
				651B9F241F49723800FF2637 /* LogPreviewViewController.swift */,
			);
			path = SerialPortCat;
			sourceTree = "<group>";
		};
		651B9F151F48989600FF2637 /* Helper */ = {
			isa = PBXGroup;
			children = (
				651B9F161F4898AD00FF2637 /* RegexHelper.swift */,
			);
			path = Helper;
			sourceTree = "<group>";
		};
		651B9F1A1F493ED300FF2637 /* View */ = {
			isa = PBXGroup;
			children = (
				651B9F1B1F493F1F00FF2637 /* LogTimeTableCellView.swift */,
				651B9F1D1F493F2E00FF2637 /* LogContentTableCellView.swift */,
			);
			path = View;
			sourceTree = "<group>";
		};
		651B9F1F1F49507000FF2637 /* Model */ = {
			isa = PBXGroup;
			children = (
				651B9F201F49508300FF2637 /* LogData.swift */,
			);
			path = Model;
			sourceTree = "<group>";
		};
		D23A4BC3A311B652F47D965F /* Frameworks */ = {
			isa = PBXGroup;
			children = (
				0C39E63A4199D8239106C429 /* Pods_SerialPortCat.framework */,
			);
			name = Frameworks;
			sourceTree = "<group>";
		};
		EC6754DDE5C4C4B5077537C4 /* Pods */ = {
			isa = PBXGroup;
			children = (
				7A3921872B04D128FF12A831 /* Pods-SerialPortCat.debug.xcconfig */,
				637E7D5ACBCFB7DFFB54A347 /* Pods-SerialPortCat.release.xcconfig */,
			);
			name = Pods;
			sourceTree = "<group>";
		};
/* End PBXGroup section */

/* Begin PBXNativeTarget section */
		651B9F021F48945600FF2637 /* SerialPortCat */ = {
			isa = PBXNativeTarget;
			buildConfigurationList = 651B9F121F48945600FF2637 /* Build configuration list for PBXNativeTarget "SerialPortCat" */;
			buildPhases = (
				0E6630F5ED506A9166A7EDE6 /* [CP] Check Pods Manifest.lock */,
				651B9EFF1F48945600FF2637 /* Sources */,
				651B9F001F48945600FF2637 /* Frameworks */,
				651B9F011F48945600FF2637 /* Resources */,
				9241C22B032A2935263008AC /* [CP] Embed Pods Frameworks */,
				04692C1FC57A2409C440CF6F /* [CP] Copy Pods Resources */,
			);
			buildRules = (
			);
			dependencies = (
			);
			name = SerialPortCat;
			productName = SerialPortCat;
			productReference = 651B9F031F48945600FF2637 /* SerialPortCat.app */;
			productType = "com.apple.product-type.application";
		};
/* End PBXNativeTarget section */

/* Begin PBXProject section */
		651B9EFB1F48945600FF2637 /* Project object */ = {
			isa = PBXProject;
			attributes = {
				LastSwiftUpdateCheck = 0830;
				LastUpgradeCheck = 0830;
				ORGANIZATIONNAME = huchunbo;
				TargetAttributes = {
					651B9F021F48945600FF2637 = {
						CreatedOnToolsVersion = 8.3.2;
						DevelopmentTeam = 5A9C578YJ2;
						ProvisioningStyle = Automatic;
					};
				};
			};
			buildConfigurationList = 651B9EFE1F48945600FF2637 /* Build configuration list for PBXProject "SerialPortCat" */;
			compatibilityVersion = "Xcode 3.2";
			developmentRegion = English;
			hasScannedForEncodings = 0;
			knownRegions = (
				en,
				Base,
			);
			mainGroup = 651B9EFA1F48945600FF2637;
			productRefGroup = 651B9F041F48945600FF2637 /* Products */;
			projectDirPath = "";
			projectRoot = "";
			targets = (
				651B9F021F48945600FF2637 /* SerialPortCat */,
			);
		};
/* End PBXProject section */

/* Begin PBXResourcesBuildPhase section */
		651B9F011F48945600FF2637 /* Resources */ = {
			isa = PBXResourcesBuildPhase;
			buildActionMask = 2147483647;
			files = (
				651B9F291F49888300FF2637 /* LICENSE in Resources */,
				651B9F0B1F48945600FF2637 /* Assets.xcassets in Resources */,
				651B9F0E1F48945600FF2637 /* Main.storyboard in Resources */,
			);
			runOnlyForDeploymentPostprocessing = 0;
		};
/* End PBXResourcesBuildPhase section */

/* Begin PBXShellScriptBuildPhase section */
		04692C1FC57A2409C440CF6F /* [CP] Copy Pods Resources */ = {
			isa = PBXShellScriptBuildPhase;
			buildActionMask = 2147483647;
			files = (
			);
			inputPaths = (
			);
			name = "[CP] Copy Pods Resources";
			outputPaths = (
			);
			runOnlyForDeploymentPostprocessing = 0;
			shellPath = /bin/sh;
			shellScript = "\"${SRCROOT}/Pods/Target Support Files/Pods-SerialPortCat/Pods-SerialPortCat-resources.sh\"\n";
			showEnvVarsInLog = 0;
		};
		0E6630F5ED506A9166A7EDE6 /* [CP] Check Pods Manifest.lock */ = {
			isa = PBXShellScriptBuildPhase;
			buildActionMask = 2147483647;
			files = (
			);
			inputPaths = (
			);
			name = "[CP] Check Pods Manifest.lock";
			outputPaths = (
			);
			runOnlyForDeploymentPostprocessing = 0;
			shellPath = /bin/sh;
			shellScript = "diff \"${PODS_PODFILE_DIR_PATH}/Podfile.lock\" \"${PODS_ROOT}/Manifest.lock\" > /dev/null\nif [ $? != 0 ] ; then\n    # print error to STDERR\n    echo \"error: The sandbox is not in sync with the Podfile.lock. Run 'pod install' or update your CocoaPods installation.\" >&2\n    exit 1\nfi\n";
			showEnvVarsInLog = 0;
		};
		9241C22B032A2935263008AC /* [CP] Embed Pods Frameworks */ = {
			isa = PBXShellScriptBuildPhase;
			buildActionMask = 2147483647;
			files = (
			);
			inputPaths = (
			);
			name = "[CP] Embed Pods Frameworks";
			outputPaths = (
			);
			runOnlyForDeploymentPostprocessing = 0;
			shellPath = /bin/sh;
			shellScript = "\"${SRCROOT}/Pods/Target Support Files/Pods-SerialPortCat/Pods-SerialPortCat-frameworks.sh\"\n";
			showEnvVarsInLog = 0;
		};
/* End PBXShellScriptBuildPhase section */

/* Begin PBXSourcesBuildPhase section */
		651B9EFF1F48945600FF2637 /* Sources */ = {
			isa = PBXSourcesBuildPhase;
			buildActionMask = 2147483647;
			files = (
				651B9F231F496EAC00FF2637 /* MainWindow.swift in Sources */,
				651B9F211F49508300FF2637 /* LogData.swift in Sources */,
				651B9F271F49854900FF2637 /* README.md in Sources */,
				651B9F091F48945600FF2637 /* ViewController.swift in Sources */,
				651B9F251F49723800FF2637 /* LogPreviewViewController.swift in Sources */,
				651B9F071F48945600FF2637 /* AppDelegate.swift in Sources */,
				651B9F1E1F493F2E00FF2637 /* LogContentTableCellView.swift in Sources */,
				651B9F1C1F493F1F00FF2637 /* LogTimeTableCellView.swift in Sources */,
				651B9F191F489B1000FF2637 /* LogTableView.swift in Sources */,
				651B9F171F4898AD00FF2637 /* RegexHelper.swift in Sources */,
			);
			runOnlyForDeploymentPostprocessing = 0;
		};
/* End PBXSourcesBuildPhase section */

/* Begin PBXVariantGroup section */
		651B9F0C1F48945600FF2637 /* Main.storyboard */ = {
			isa = PBXVariantGroup;
			children = (
				651B9F0D1F48945600FF2637 /* Base */,
			);
			name = Main.storyboard;
			sourceTree = "<group>";
		};
/* End PBXVariantGroup section */

/* Begin XCBuildConfiguration section */
		651B9F101F48945600FF2637 /* Debug */ = {
			isa = XCBuildConfiguration;
			buildSettings = {
				ALWAYS_SEARCH_USER_PATHS = NO;
				CLANG_ANALYZER_NONNULL = YES;
				CLANG_ANALYZER_NUMBER_OBJECT_CONVERSION = YES_AGGRESSIVE;
				CLANG_CXX_LANGUAGE_STANDARD = "gnu++0x";
				CLANG_CXX_LIBRARY = "libc++";
				CLANG_ENABLE_MODULES = YES;
				CLANG_ENABLE_OBJC_ARC = YES;
				CLANG_WARN_BOOL_CONVERSION = YES;
				CLANG_WARN_CONSTANT_CONVERSION = YES;
				CLANG_WARN_DIRECT_OBJC_ISA_USAGE = YES_ERROR;
				CLANG_WARN_DOCUMENTATION_COMMENTS = YES;
				CLANG_WARN_EMPTY_BODY = YES;
				CLANG_WARN_ENUM_CONVERSION = YES;
				CLANG_WARN_INFINITE_RECURSION = YES;
				CLANG_WARN_INT_CONVERSION = YES;
				CLANG_WARN_OBJC_ROOT_CLASS = YES_ERROR;
				CLANG_WARN_SUSPICIOUS_MOVE = YES;
				CLANG_WARN_UNREACHABLE_CODE = YES;
				CLANG_WARN__DUPLICATE_METHOD_MATCH = YES;
				CODE_SIGN_IDENTITY = "-";
				COPY_PHASE_STRIP = NO;
				DEBUG_INFORMATION_FORMAT = dwarf;
				ENABLE_STRICT_OBJC_MSGSEND = YES;
				ENABLE_TESTABILITY = YES;
				GCC_C_LANGUAGE_STANDARD = gnu99;
				GCC_DYNAMIC_NO_PIC = NO;
				GCC_NO_COMMON_BLOCKS = YES;
				GCC_OPTIMIZATION_LEVEL = 0;
				GCC_PREPROCESSOR_DEFINITIONS = (
					"DEBUG=1",
					"$(inherited)",
				);
				GCC_WARN_64_TO_32_BIT_CONVERSION = YES;
				GCC_WARN_ABOUT_RETURN_TYPE = YES_ERROR;
				GCC_WARN_UNDECLARED_SELECTOR = YES;
				GCC_WARN_UNINITIALIZED_AUTOS = YES_AGGRESSIVE;
				GCC_WARN_UNUSED_FUNCTION = YES;
				GCC_WARN_UNUSED_VARIABLE = YES;
				MACOSX_DEPLOYMENT_TARGET = 10.12;
				MTL_ENABLE_DEBUG_INFO = YES;
				ONLY_ACTIVE_ARCH = YES;
				SDKROOT = macosx;
				SWIFT_ACTIVE_COMPILATION_CONDITIONS = DEBUG;
				SWIFT_OPTIMIZATION_LEVEL = "-Onone";
			};
			name = Debug;
		};
		651B9F111F48945600FF2637 /* Release */ = {
			isa = XCBuildConfiguration;
			buildSettings = {
				ALWAYS_SEARCH_USER_PATHS = NO;
				CLANG_ANALYZER_NONNULL = YES;
				CLANG_ANALYZER_NUMBER_OBJECT_CONVERSION = YES_AGGRESSIVE;
				CLANG_CXX_LANGUAGE_STANDARD = "gnu++0x";
				CLANG_CXX_LIBRARY = "libc++";
				CLANG_ENABLE_MODULES = YES;
				CLANG_ENABLE_OBJC_ARC = YES;
				CLANG_WARN_BOOL_CONVERSION = YES;
				CLANG_WARN_CONSTANT_CONVERSION = YES;
				CLANG_WARN_DIRECT_OBJC_ISA_USAGE = YES_ERROR;
				CLANG_WARN_DOCUMENTATION_COMMENTS = YES;
				CLANG_WARN_EMPTY_BODY = YES;
				CLANG_WARN_ENUM_CONVERSION = YES;
				CLANG_WARN_INFINITE_RECURSION = YES;
				CLANG_WARN_INT_CONVERSION = YES;
				CLANG_WARN_OBJC_ROOT_CLASS = YES_ERROR;
				CLANG_WARN_SUSPICIOUS_MOVE = YES;
				CLANG_WARN_UNREACHABLE_CODE = YES;
				CLANG_WARN__DUPLICATE_METHOD_MATCH = YES;
				CODE_SIGN_IDENTITY = "-";
				COPY_PHASE_STRIP = NO;
				DEBUG_INFORMATION_FORMAT = "dwarf-with-dsym";
				ENABLE_NS_ASSERTIONS = NO;
				ENABLE_STRICT_OBJC_MSGSEND = YES;
				GCC_C_LANGUAGE_STANDARD = gnu99;
				GCC_NO_COMMON_BLOCKS = YES;
				GCC_WARN_64_TO_32_BIT_CONVERSION = YES;
				GCC_WARN_ABOUT_RETURN_TYPE = YES_ERROR;
				GCC_WARN_UNDECLARED_SELECTOR = YES;
				GCC_WARN_UNINITIALIZED_AUTOS = YES_AGGRESSIVE;
				GCC_WARN_UNUSED_FUNCTION = YES;
				GCC_WARN_UNUSED_VARIABLE = YES;
				MACOSX_DEPLOYMENT_TARGET = 10.12;
				MTL_ENABLE_DEBUG_INFO = NO;
				SDKROOT = macosx;
				SWIFT_OPTIMIZATION_LEVEL = "-Owholemodule";
			};
			name = Release;
		};
		651B9F131F48945600FF2637 /* Debug */ = {
			isa = XCBuildConfiguration;
			baseConfigurationReference = 7A3921872B04D128FF12A831 /* Pods-SerialPortCat.debug.xcconfig */;
			buildSettings = {
				ASSETCATALOG_COMPILER_APPICON_NAME = AppIcon;
				COMBINE_HIDPI_IMAGES = YES;
				DEVELOPMENT_TEAM = 5A9C578YJ2;
				INFOPLIST_FILE = SerialPortCat/Info.plist;
				LD_RUNPATH_SEARCH_PATHS = "$(inherited) @executable_path/../Frameworks";
				PRODUCT_BUNDLE_IDENTIFIER = com.bijiabo.SerialPortCat;
				PRODUCT_NAME = "$(TARGET_NAME)";
				SWIFT_VERSION = 3.0;
			};
			name = Debug;
		};
		651B9F141F48945600FF2637 /* Release */ = {
			isa = XCBuildConfiguration;
			baseConfigurationReference = 637E7D5ACBCFB7DFFB54A347 /* Pods-SerialPortCat.release.xcconfig */;
			buildSettings = {
				ASSETCATALOG_COMPILER_APPICON_NAME = AppIcon;
				COMBINE_HIDPI_IMAGES = YES;
				DEVELOPMENT_TEAM = 5A9C578YJ2;
				INFOPLIST_FILE = SerialPortCat/Info.plist;
				LD_RUNPATH_SEARCH_PATHS = "$(inherited) @executable_path/../Frameworks";
				PRODUCT_BUNDLE_IDENTIFIER = com.bijiabo.SerialPortCat;
				PRODUCT_NAME = "$(TARGET_NAME)";
				SWIFT_VERSION = 3.0;
			};
			name = Release;
		};
/* End XCBuildConfiguration section */

/* Begin XCConfigurationList section */
		651B9EFE1F48945600FF2637 /* Build configuration list for PBXProject "SerialPortCat" */ = {
			isa = XCConfigurationList;
			buildConfigurations = (
				651B9F101F48945600FF2637 /* Debug */,
				651B9F111F48945600FF2637 /* Release */,
			);
			defaultConfigurationIsVisible = 0;
			defaultConfigurationName = Release;
		};
		651B9F121F48945600FF2637 /* Build configuration list for PBXNativeTarget "SerialPortCat" */ = {
			isa = XCConfigurationList;
			buildConfigurations = (
				651B9F131F48945600FF2637 /* Debug */,
				651B9F141F48945600FF2637 /* Release */,
			);
			defaultConfigurationIsVisible = 0;
			defaultConfigurationName = Release;
		};
/* End XCConfigurationList section */
	};
	rootObject = 651B9EFB1F48945600FF2637 /* Project object */;
}
